
Microsoft Visual Studio Solution File, Format Version 12.00
Project("{F2A71F9B-5D33-465A-A702-920D77279786}") = "AoC2020_1", "AoC2020_1\AoC2020_1.fsproj", "{537C8B88-087A-4CAA-A76B-18B48FC18FF8}"
EndProject
Global
	GlobalSection(SolutionConfigurationPlatforms) = preSolution
		Debug|Any CPU = Debug|Any CPU
		Release|Any CPU = Release|Any CPU
	EndGlobalSection
	GlobalSection(ProjectConfigurationPlatforms) = postSolution
		{537C8B88-087A-4CAA-A76B-18B48FC18FF8}.Debug|Any CPU.ActiveCfg = Debug|Any CPU
		{537C8B88-087A-4CAA-A76B-18B48FC18FF8}.Debug|Any CPU.Build.0 = Debug|Any CPU
		{537C8B88-087A-4CAA-A76B-18B48FC18FF8}.Release|Any CPU.ActiveCfg = Release|Any CPU
		{537C8B88-087A-4CAA-A76B-18B48FC18FF8}.Release|Any CPU.Build.0 = Release|Any CPU
	EndGlobalSection
EndGlobal
